
Microsoft Visual Studio Solution File, Format Version 12.00
# Visual Studio Version 17
VisualStudioVersion = 17.7.34221.43
MinimumVisualStudioVersion = 10.0.40219.1
Project("{9A19103F-16F7-4668-BE54-9A1E7A4F7556}") = "TDPhoneS", "TDPhoneS\TDPhoneS.csproj", "{57B8AFDD-39BF-47BF-8E50-74358D085E3F}"
EndProject
Global
	GlobalSection(SolutionConfigurationPlatforms) = preSolution
		Debug|Any CPU = Debug|Any CPU
		Release|Any CPU = Release|Any CPU
	EndGlobalSection
	GlobalSection(ProjectConfigurationPlatforms) = postSolution
		{57B8AFDD-39BF-47BF-8E50-74358D085E3F}.Debug|Any CPU.ActiveCfg = Debug|Any CPU
		{57B8AFDD-39BF-47BF-8E50-74358D085E3F}.Debug|Any CPU.Build.0 = Debug|Any CPU
		{57B8AFDD-39BF-47BF-8E50-74358D085E3F}.Release|Any CPU.ActiveCfg = Release|Any CPU
		{57B8AFDD-39BF-47BF-8E50-74358D085E3F}.Release|Any CPU.Build.0 = Release|Any CPU
	EndGlobalSection
	GlobalSection(SolutionProperties) = preSolution
		HideSolutionNode = FALSE
	EndGlobalSection
	GlobalSection(ExtensibilityGlobals) = postSolution
		SolutionGuid = {EAD39CDB-38BF-4D29-A552-DBF1BA90CF4C}
	EndGlobalSection
EndGlobal
